
Microsoft Visual Studio Solution File, Format Version 12.00
# Visual Studio Version 17
VisualStudioVersion = 17.4.33403.182
MinimumVisualStudioVersion = 10.0.40219.1
Project("{FAE04EC0-301F-11D3-BF4B-00C04F79EFBC}") = "winfrom vs sql sever", "winfrom vs sql sever\winfrom vs sql sever.csproj", "{47A5B679-E418-4ECB-9712-7752B95B2337}"
EndProject
Global
	GlobalSection(SolutionConfigurationPlatforms) = preSolution
		Debug|Any CPU = Debug|Any CPU
		Release|Any CPU = Release|Any CPU
	EndGlobalSection
	GlobalSection(ProjectConfigurationPlatforms) = postSolution
		{47A5B679-E418-4ECB-9712-7752B95B2337}.Debug|Any CPU.ActiveCfg = Debug|Any CPU
		{47A5B679-E418-4ECB-9712-7752B95B2337}.Debug|Any CPU.Build.0 = Debug|Any CPU
		{47A5B679-E418-4ECB-9712-7752B95B2337}.Release|Any CPU.ActiveCfg = Release|Any CPU
		{47A5B679-E418-4ECB-9712-7752B95B2337}.Release|Any CPU.Build.0 = Release|Any CPU
	EndGlobalSection
	GlobalSection(SolutionProperties) = preSolution
		HideSolutionNode = FALSE
	EndGlobalSection
	GlobalSection(ExtensibilityGlobals) = postSolution
		SolutionGuid = {C8B3F25B-6940-47DF-86C9-ED5BA963E20D}
	EndGlobalSection
EndGlobal
